# THIS IS AN AUTOGENERATED FILE. DO NOT EDIT THIS FILE DIRECTLY.
# yarn lockfile v1


"@headlessui/react@^1.7.4":
  version "1.7.4"
  resolved "https://registry.yarnpkg.com/@headlessui/react/-/react-1.7.4.tgz#ba7f50fda20667276ee84fcd4c2a459aa26187e3"
  integrity sha512-D8n5yGCF3WIkPsjEYeM8knn9jQ70bigGGb5aUvN6y4BGxcT3OcOQOKcM3zRGllRCZCFxCZyQvYJF6ZE7bQUOyQ==
  dependencies:
    client-only "^0.0.1"

client-only@^0.0.1:
  version "0.0.1"
  resolved "https://registry.npmjs.org/client-only/-/client-only-0.0.1.tgz"
  integrity sha512-IV3Ou0jSMzZrd3pZ48nLkT9DA7Ag1pnPzaiQhpW7c3RbcqqzvzzVu+L8gfqMp/8IM2MQtSiqaCxrrcfu8I8rMA==

"js-tokens@^3.0.0 || ^4.0.0":
  version "4.0.0"
  resolved "https://registry.npmjs.org/js-tokens/-/js-tokens-4.0.0.tgz"
  integrity sha512-RdJUflcE3cUzKiMqQgsCu06FPu9UdIJO0beYbPhHN4k6apgJtifcoCtT9bcxOpYBtpD2kCM6Sbzg4CausW/PKQ==

loose-envify@^1.1.0:
  version "1.4.0"
  resolved "https://registry.npmjs.org/loose-envify/-/loose-envify-1.4.0.tgz"
  integrity sha512-lyuxPGr/Wfhrlem2CL/UcnUc1zcqKAImBDzukY7Y5F/yQiNdko6+fRLevlw1HgMySw7f611UIY408EtxRSoK3Q==
  dependencies:
    js-tokens "^3.0.0 || ^4.0.0"

react-hook-form@^7.39.4:
  version "7.39.4"
  resolved "https://registry.npmjs.org/react-hook-form/-/react-hook-form-7.39.4.tgz"
  integrity sha512-B0e78r9kR9L2M4A4AXGbHoA/vyv34sB/n8QWJAw33TFz8f5t9helBbYAeqnbvcQf1EYzJxKX/bGQQh9K+evCyQ==

react-timeago@^7.1.0:
  version "7.1.0"
  resolved "https://registry.yarnpkg.com/react-timeago/-/react-timeago-7.1.0.tgz#248bc6aa40a561249e756b2df402c94f1a296a85"
  integrity sha512-rouF7MiEm55fH791Y8cg+VobIJgx8gtNJ+gjr86R4ZqO1WKPkXiXjdT/lRzrvEkUzsxT1exHqV2V+Zdi114H3A==

react@^18.2.0:
  version "18.2.0"
  resolved "https://registry.npmjs.org/react/-/react-18.2.0.tgz"
  integrity sha512-/3IjMdb2L9QbBdWiW5e3P2/npwMBaU9mHCSCUzNln0ZCYbcfTsGbTJrU/kGemdH2IWmB2ioZ+zkxtmq6g09fGQ==
  dependencies:
    loose-envify "^1.1.0"
